
Microsoft Visual Studio Solution File, Format Version 12.00
# Visual Studio 2013
VisualStudioVersion = 12.0.40629.0
MinimumVisualStudioVersion = 10.0.40219.1
Project("{FAE04EC0-301F-11D3-BF4B-00C04F79EFBC}") = "contactsManager.Domain", "contactsManager.Domain\contactsManager.Domain.csproj", "{AE841EC4-AEAD-48D8-8700-0F47D8D3DF03}"
EndProject
Project("{FAE04EC0-301F-11D3-BF4B-00C04F79EFBC}") = "contactsManager.Web", "contactsManager.Web\contactsManager.Web.csproj", "{FFE27073-3589-48C5-A1CC-6D0B46BE98FB}"
EndProject
Global
	GlobalSection(SolutionConfigurationPlatforms) = preSolution
		Debug|Any CPU = Debug|Any CPU
		Release|Any CPU = Release|Any CPU
	EndGlobalSection
	GlobalSection(ProjectConfigurationPlatforms) = postSolution
		{AE841EC4-AEAD-48D8-8700-0F47D8D3DF03}.Debug|Any CPU.ActiveCfg = Debug|Any CPU
		{AE841EC4-AEAD-48D8-8700-0F47D8D3DF03}.Debug|Any CPU.Build.0 = Debug|Any CPU
		{AE841EC4-AEAD-48D8-8700-0F47D8D3DF03}.Release|Any CPU.ActiveCfg = Release|Any CPU
		{AE841EC4-AEAD-48D8-8700-0F47D8D3DF03}.Release|Any CPU.Build.0 = Release|Any CPU
		{FFE27073-3589-48C5-A1CC-6D0B46BE98FB}.Debug|Any CPU.ActiveCfg = Debug|Any CPU
		{FFE27073-3589-48C5-A1CC-6D0B46BE98FB}.Debug|Any CPU.Build.0 = Debug|Any CPU
		{FFE27073-3589-48C5-A1CC-6D0B46BE98FB}.Release|Any CPU.ActiveCfg = Release|Any CPU
		{FFE27073-3589-48C5-A1CC-6D0B46BE98FB}.Release|Any CPU.Build.0 = Release|Any CPU
	EndGlobalSection
	GlobalSection(SolutionProperties) = preSolution
		HideSolutionNode = FALSE
	EndGlobalSection
EndGlobal
